<?xml version="1.0" encoding="utf-8"?>
<Project ToolsVersion="4.0" xmlns="http://schemas.microsoft.com/developer/msbuild/2003">
  <ItemGroup>
    <Filter Include="Quelldateien">
      <UniqueIdentifier>{4FC737F1-C7A5-4376-A066-2A32D752A2FF}</UniqueIdentifier>
      <Extensions>cpp;c;cc;cxx;def;odl;idl;hpj;bat;asm;asmx</Extensions>
    </Filter>
    <Filter Include="Headerdateien">
      <UniqueIdentifier>{93995380-89BD-4b04-88EB-625FBE52EBFB}</UniqueIdentifier>
      <Extensions>h;hh;hpp;hxx;hm;inl;inc;xsd</Extensions>
    </Filter>
    <Filter Include="Ressourcendateien">
      <UniqueIdentifier>{67DA6AB6-F800-4c08-8B7A-83BB121AAD01}</UniqueIdentifier>
      <Extensions>rc;ico;cur;bmp;dlg;rc2;rct;bin;rgs;gif;jpg;jpeg;jpe;resx;tiff;tif;png;wav;mfcribbon-ms</Extensions>
    </Filter>
    <Filter Include="Headerdateien\Models">
      <UniqueIdentifier>{052cc2d0-948f-47e0-b261-4ccaebd280c1}</UniqueIdentifier>
    </Filter>
    <Filter Include="Headerdateien\Models\Shapes">
      <UniqueIdentifier>{fad009f2-946d-42dc-bec7-a3be36061f10}</UniqueIdentifier>
    </Filter>
    <Filter Include="Headerdateien\Enums">
      <UniqueIdentifier>{e2ea3926-443f-4c1e-9752-1457cbe5b6e2}</UniqueIdentifier>
    </Filter>
    <Filter Include="Quelldateien\Models">
      <UniqueIdentifier>{382573d1-7a1d-44f2-b825-843550403c4e}</UniqueIdentifier>
    </Filter>
    <Filter Include="Quelldateien\Models\Shapes">
      <UniqueIdentifier>{87b17332-eac9-40bc-b7ee-4e1fc2f976fe}</UniqueIdentifier>
    </Filter>
    <Filter Include="Quelldateien\Models\dynamic_grid">
      <UniqueIdentifier>{64dab614-9f22-42f5-b480-0a1d4a26f662}</UniqueIdentifier>
    </Filter>
    <Filter Include="Headerdateien\Models\dynamic_grid">
      <UniqueIdentifier>{11c6dc9f-b23a-410f-bf9f-d999e4d02472}</UniqueIdentifier>
    </Filter>
  </ItemGroup>
  <ItemGroup>
    <ClInclude Include="COLOR_STRUCT.h">
      <Filter>Headerdateien\Models</Filter>
    </ClInclude>
    <ClInclude Include="console_color.h">
      <Filter>Headerdateien</Filter>
    </ClInclude>
    <ClInclude Include="console_output.h">
      <Filter>Headerdateien</Filter>
    </ClInclude>
    <ClInclude Include="console_utils.h">
      <Filter>Headerdateien</Filter>
    </ClInclude>
    <ClInclude Include="console_handler.h">
      <Filter>Headerdateien</Filter>
    </ClInclude>
    <ClInclude Include="ascii_block_type.h">
      <Filter>Headerdateien\Enums</Filter>
    </ClInclude>
    <ClInclude Include="ascii_block.h">
      <Filter>Headerdateien\Models</Filter>
    </ClInclude>
    <ClInclude Include="console_bmp.h">
      <Filter>Headerdateien</Filter>
    </ClInclude>
    <ClInclude Include="ascii_block_list.h">
      <Filter>Headerdateien\Models</Filter>
    </ClInclude>
    <ClInclude Include="console_select.h">
      <Filter>Headerdateien</Filter>
    </ClInclude>
    <ClInclude Include="shape_rectangle.h">
      <Filter>Headerdateien\Models\Shapes</Filter>
    </ClInclude>
    <ClInclude Include="dynamic_grid.h">
      <Filter>Headerdateien\Models\dynamic_grid</Filter>
    </ClInclude>
    <ClInclude Include="grid_item.h">
      <Filter>Headerdateien\Models\dynamic_grid</Filter>
    </ClInclude>
    <ClInclude Include="grid_item_rectangle.h">
      <Filter>Headerdateien\Models\dynamic_grid</Filter>
    </ClInclude>
  </ItemGroup>
  <ItemGroup>
    <ClCompile Include="stdafx.cpp">
      <Filter>Quelldateien</Filter>
    </ClCompile>
    <ClCompile Include="console_output.cpp">
      <Filter>Quelldateien</Filter>
    </ClCompile>
    <ClCompile Include="console_utils.cpp">
      <Filter>Quelldateien</Filter>
    </ClCompile>
    <ClCompile Include="console_handler.cpp">
      <Filter>Quelldateien</Filter>
    </ClCompile>
    <ClCompile Include="console_color.cpp">
      <Filter>Quelldateien</Filter>
    </ClCompile>
    <ClCompile Include="console_select.cpp">
      <Filter>Quelldateien</Filter>
    </ClCompile>
    <ClCompile Include="ascii_block.cpp">
      <Filter>Quelldateien\Models</Filter>
    </ClCompile>
    <ClCompile Include="console_bmp.cpp">
      <Filter>Quelldateien</Filter>
    </ClCompile>
    <ClCompile Include="ascii_block_list.cpp">
      <Filter>Quelldateien\Models</Filter>
    </ClCompile>
    <ClCompile Include="shape_rectangle.cpp">
      <Filter>Quelldateien\Models\Shapes</Filter>
    </ClCompile>
    <ClCompile Include="dynamic_grid.cpp">
      <Filter>Quelldateien\Models\dynamic_grid</Filter>
    </ClCompile>
    <ClCompile Include="grid_item.cpp">
      <Filter>Quelldateien\Models\dynamic_grid</Filter>
    </ClCompile>
    <ClCompile Include="grid_item_rectangle.cpp">
      <Filter>Quelldateien\Models\dynamic_grid</Filter>
    </ClCompile>
  </ItemGroup>
</Project>